github.com/BurntSushi/toml v1.2.1 h1:9F2/+DoOYIOksmaJFPw1tGFy1eDnIJXg+UHjuD8lTak=
github.com/BurntSushi/toml v1.2.1/go.mod h1:CxXYINrC8qIiEnFrOxCa7Jy5BFHlXnUU2pbicEuybxQ=
github.com/go-sql-driver/mysql v1.6.0/go.mod h1:DCzpHaOWr8IXmIStZouvnhqoel9Qv2LBy8hT2VhHyBg=
github.com/go-sql-driver/mysql v1.7.0 h1:ueSltNNllEqE3qcWBTD0iQd3IpL/6U+mJxLkazJ7YPc=
github.com/go-sql-driver/mysql v1.7.0/go.mod h1:OXbVy3sEdcQ2Doequ6Z5BW6fXNQTmx+9S1MCJN5yJMI=
github.com/goclover/clover v0.0.0-20230118105744-850dd822dfe7 h1:Bw2Im63qoHGE4L0UF+9SWg8fhTXuEiZU+pMSP93WpvE=
github.com/goclover/clover v0.0.0-20230118105744-850dd822dfe7/go.mod h1:8xuQbZa2s29M5Ej0VuYdB//3C5L1FDlUEFT+RJ1qnEA=
github.com/goclover/clover v0.0.0-20230119070012-3c730188dab6 h1:oBaVKqvvwPG/PEJp/9Lb8u/2CQnvD2LNDHtCZDehJ4o=
github.com/goclover/clover v0.0.0-20230119070012-3c730188dab6/go.mod h1:8xuQbZa2s29M5Ej0VuYdB//3C5L1FDlUEFT+RJ1qnEA=
github.com/goclover/clover v0.0.0-20230119090047-f6997bbb55ec h1:pQYhnQjPjriWSRX+YaWagWwK6LpmGfyWp9ifEehYW00=
github.com/goclover/clover v0.0.0-20230119090047-f6997bbb55ec/go.mod h1:8xuQbZa2s29M5Ej0VuYdB//3C5L1FDlUEFT+RJ1qnEA=
github.com/goclover/clover v0.0.0-20230131083347-4492d16ac5c9 h1:IlGVbyAsKPzWD+04HJkI55eeycLo3/7aEvqZ4TNYrro=
github.com/goclover/clover v0.0.0-20230131083347-4492d16ac5c9/go.mod h1:8xuQbZa2s29M5Ej0VuYdB//3C5L1FDlUEFT+RJ1qnEA=
github.com/goclover/clover v0.0.0-20230131084343-a5d657dfdb66 h1:qr9XI2PBhvS6miBRbrmAddzGNS14yaJ3n2gpDbtmFsE=
github.com/goclover/clover v0.0.0-20230131084343-a5d657dfdb66/go.mod h1:8xuQbZa2s29M5Ej0VuYdB//3C5L1FDlUEFT+RJ1qnEA=
github.com/jinzhu/inflection v1.0.0 h1:K317FqzuhWc8YvSVlFMCCUb36O/S9MCKRDI7QkRKD/E=
github.com/jinzhu/inflection v1.0.0/go.mod h1:h+uFLlag+Qp1Va5pdKtLDYj+kHp5pxUVkryuEj+Srlc=
github.com/jinzhu/now v1.1.4/go.mod h1:d3SSVoowX0Lcu0IBviAWJpolVfI5UJVZZ7cO71lE/z8=
github.com/jinzhu/now v1.1.5 h1:/o9tlHleP7gOFmsnYNz3RGnqzefHA47wQpKrrdTIwXQ=
github.com/jinzhu/now v1.1.5/go.mod h1:d3SSVoowX0Lcu0IBviAWJpolVfI5UJVZZ7cO71lE/z8=
github.com/mfunny/clover v0.0.0-20230118023957-c8b145a4b09a h1:gSzeB5oKl2Fp5hn+PKdPaHTyyDHVJEO8VLM0IvFzMOc=
github.com/mfunny/clover v0.0.0-20230118023957-c8b145a4b09a/go.mod h1:OQxSpCUqilIKwUfukT+CzbNM4ap0xO8UpMW0V1TJFOs=
gorm.io/driver/mysql v1.4.3/go.mod h1:sSIebwZAVPiT+27jK9HIwvsqOGKx3YMPmrA3mBJR10c=
gorm.io/driver/mysql v1.4.5 h1:u1lytId4+o9dDaNcPCFzNv7h6wvmc92UjNk3z8enSBU=
gorm.io/driver/mysql v1.4.5/go.mod h1:SxzItlnT1cb6e1e4ZRpgJN2VYtcqJgqnHxWr4wsP8oc=
gorm.io/gorm v1.23.8/go.mod h1:l2lP/RyAtc1ynaTjFksBde/O8v9oOGIApu2/xRitmZk=
gorm.io/gorm v1.24.0/go.mod h1:DVrVomtaYTbqs7gB/x2uVvqnXzv0nqjB396B8cG4dBA=
gorm.io/gorm v1.24.3 h1:WL2ifUmzR/SLp85CSURAfybcHnGZ+yLSGSxgYXlFBHg=
gorm.io/gorm v1.24.3/go.mod h1:DVrVomtaYTbqs7gB/x2uVvqnXzv0nqjB396B8cG4dBA=
gorm.io/plugin/dbresolver v1.4.0 h1:MnT3JFDFpZ1lJ6MoGW5jOAHHuItL/jfBCwqmdVWMC+A=
gorm.io/plugin/dbresolver v1.4.0/go.mod h1:w0DKqg02frWKwbBMTQkJ7aVxeKnap2cShQcroOQaq8k=
